
Microsoft Visual Studio Solution File, Format Version 12.00
# Visual Studio Version 17
VisualStudioVersion = 17.7.34024.191
MinimumVisualStudioVersion = 10.0.40219.1
Project("{FAE04EC0-301F-11D3-BF4B-00C04F79EFBC}") = "ApplianceRepair", "ApplianceRepair\ApplianceRepair.csproj", "{1D30EF6A-E75C-4FA7-A0E2-A0B29CC150F1}"
EndProject
Project("{FAE04EC0-301F-11D3-BF4B-00C04F79EFBC}") = "Controller", "Controller\Controller.csproj", "{A94BC977-764B-40C7-B5BE-03487B8FDA15}"
EndProject
Project("{FAE04EC0-301F-11D3-BF4B-00C04F79EFBC}") = "UnitTestProject1", "UnitTestProject1\UnitTestProject1.csproj", "{9C4F387A-590A-4C91-B842-30382DB4A1AA}"
EndProject
Global
	GlobalSection(SolutionConfigurationPlatforms) = preSolution
		Debug|Any CPU = Debug|Any CPU
		Release|Any CPU = Release|Any CPU
	EndGlobalSection
	GlobalSection(ProjectConfigurationPlatforms) = postSolution
		{1D30EF6A-E75C-4FA7-A0E2-A0B29CC150F1}.Debug|Any CPU.ActiveCfg = Debug|Any CPU
		{1D30EF6A-E75C-4FA7-A0E2-A0B29CC150F1}.Debug|Any CPU.Build.0 = Debug|Any CPU
		{1D30EF6A-E75C-4FA7-A0E2-A0B29CC150F1}.Release|Any CPU.ActiveCfg = Release|Any CPU
		{1D30EF6A-E75C-4FA7-A0E2-A0B29CC150F1}.Release|Any CPU.Build.0 = Release|Any CPU
		{A94BC977-764B-40C7-B5BE-03487B8FDA15}.Debug|Any CPU.ActiveCfg = Debug|Any CPU
		{A94BC977-764B-40C7-B5BE-03487B8FDA15}.Debug|Any CPU.Build.0 = Debug|Any CPU
		{A94BC977-764B-40C7-B5BE-03487B8FDA15}.Release|Any CPU.ActiveCfg = Release|Any CPU
		{A94BC977-764B-40C7-B5BE-03487B8FDA15}.Release|Any CPU.Build.0 = Release|Any CPU
		{9C4F387A-590A-4C91-B842-30382DB4A1AA}.Debug|Any CPU.ActiveCfg = Debug|Any CPU
		{9C4F387A-590A-4C91-B842-30382DB4A1AA}.Debug|Any CPU.Build.0 = Debug|Any CPU
		{9C4F387A-590A-4C91-B842-30382DB4A1AA}.Release|Any CPU.ActiveCfg = Release|Any CPU
		{9C4F387A-590A-4C91-B842-30382DB4A1AA}.Release|Any CPU.Build.0 = Release|Any CPU
	EndGlobalSection
	GlobalSection(SolutionProperties) = preSolution
		HideSolutionNode = FALSE
	EndGlobalSection
	GlobalSection(ExtensibilityGlobals) = postSolution
		SolutionGuid = {0343339D-1854-470A-9AE4-6E5240617E60}
	EndGlobalSection
EndGlobal
